
Microsoft Visual Studio Solution File, Format Version 12.00
# Visual Studio 2013
VisualStudioVersion = 12.0.40629.0
MinimumVisualStudioVersion = 10.0.40219.1
Project("{FAE04EC0-301F-11D3-BF4B-00C04F79EFBC}") = "Vinder.WebAPI", "Vinder.WebAPI\Vinder.WebAPI.csproj", "{1D2203EB-5788-4F0D-B4E9-975BCB25DFF7}"
EndProject
Project("{FAE04EC0-301F-11D3-BF4B-00C04F79EFBC}") = "Vinder.WebAPI.UnitTests", "Vinder.WebAPI.UnitTests\Vinder.WebAPI.UnitTests.csproj", "{AA160B8A-D299-46AA-B776-1A76CEC9C9A9}"
EndProject
Project("{00D1A9C2-B5F0-4AF3-8072-F6C62B433612}") = "Vinder.Database", "Vinder.Database\Vinder.Database.sqlproj", "{8E96009C-F65E-471C-8BD3-47981741ABEA}"
EndProject
Global
	GlobalSection(SolutionConfigurationPlatforms) = preSolution
		Debug|Any CPU = Debug|Any CPU
		Release|Any CPU = Release|Any CPU
	EndGlobalSection
	GlobalSection(ProjectConfigurationPlatforms) = postSolution
		{1D2203EB-5788-4F0D-B4E9-975BCB25DFF7}.Debug|Any CPU.ActiveCfg = Debug|Any CPU
		{1D2203EB-5788-4F0D-B4E9-975BCB25DFF7}.Debug|Any CPU.Build.0 = Debug|Any CPU
		{1D2203EB-5788-4F0D-B4E9-975BCB25DFF7}.Release|Any CPU.ActiveCfg = Release|Any CPU
		{1D2203EB-5788-4F0D-B4E9-975BCB25DFF7}.Release|Any CPU.Build.0 = Release|Any CPU
		{AA160B8A-D299-46AA-B776-1A76CEC9C9A9}.Debug|Any CPU.ActiveCfg = Debug|Any CPU
		{AA160B8A-D299-46AA-B776-1A76CEC9C9A9}.Debug|Any CPU.Build.0 = Debug|Any CPU
		{AA160B8A-D299-46AA-B776-1A76CEC9C9A9}.Release|Any CPU.ActiveCfg = Release|Any CPU
		{AA160B8A-D299-46AA-B776-1A76CEC9C9A9}.Release|Any CPU.Build.0 = Release|Any CPU
		{8E96009C-F65E-471C-8BD3-47981741ABEA}.Debug|Any CPU.ActiveCfg = Debug|Any CPU
		{8E96009C-F65E-471C-8BD3-47981741ABEA}.Debug|Any CPU.Build.0 = Debug|Any CPU
		{8E96009C-F65E-471C-8BD3-47981741ABEA}.Debug|Any CPU.Deploy.0 = Debug|Any CPU
		{8E96009C-F65E-471C-8BD3-47981741ABEA}.Release|Any CPU.ActiveCfg = Release|Any CPU
		{8E96009C-F65E-471C-8BD3-47981741ABEA}.Release|Any CPU.Build.0 = Release|Any CPU
		{8E96009C-F65E-471C-8BD3-47981741ABEA}.Release|Any CPU.Deploy.0 = Release|Any CPU
	EndGlobalSection
	GlobalSection(SolutionProperties) = preSolution
		HideSolutionNode = FALSE
	EndGlobalSection
EndGlobal
